
Microsoft Visual Studio Solution File, Format Version 12.00
# Visual Studio 2015
Project("{FAE04EC0-301F-11D3-BF4B-00C04F79EFBC}") = "mundimalia.CSharp.Plugins", "mundimalia.CSharp.Plugins.csproj", "{B3ED526D-B612-ACBB-2263-35BFBADBF362}"
EndProject
Project("{FAE04EC0-301F-11D3-BF4B-00C04F79EFBC}") = "mundimalia.CSharp", "mundimalia.CSharp.csproj", "{38ED596F-11CF-7747-E97B-E471F6D2DAF3}"
EndProject
Project("{FAE04EC0-301F-11D3-BF4B-00C04F79EFBC}") = "mundimalia.CSharp.Editor", "mundimalia.CSharp.Editor.csproj", "{43D654B6-4762-3C3E-E1CF-CC841776DC0C}"
EndProject
Global
	GlobalSection(SolutionConfigurationPlatforms) = preSolution
		Debug|Any CPU = Debug|Any CPU
		Release|Any CPU = Release|Any CPU
	EndGlobalSection
	GlobalSection(ProjectConfigurationPlatforms) = postSolution
		{B3ED526D-B612-ACBB-2263-35BFBADBF362}.Debug|Any CPU.ActiveCfg = Debug|Any CPU
		{B3ED526D-B612-ACBB-2263-35BFBADBF362}.Debug|Any CPU.Build.0 = Debug|Any CPU
		{B3ED526D-B612-ACBB-2263-35BFBADBF362}.Release|Any CPU.ActiveCfg = Release|Any CPU
		{B3ED526D-B612-ACBB-2263-35BFBADBF362}.Release|Any CPU.Build.0 = Release|Any CPU
		{38ED596F-11CF-7747-E97B-E471F6D2DAF3}.Debug|Any CPU.ActiveCfg = Debug|Any CPU
		{38ED596F-11CF-7747-E97B-E471F6D2DAF3}.Debug|Any CPU.Build.0 = Debug|Any CPU
		{38ED596F-11CF-7747-E97B-E471F6D2DAF3}.Release|Any CPU.ActiveCfg = Release|Any CPU
		{38ED596F-11CF-7747-E97B-E471F6D2DAF3}.Release|Any CPU.Build.0 = Release|Any CPU
		{43D654B6-4762-3C3E-E1CF-CC841776DC0C}.Debug|Any CPU.ActiveCfg = Debug|Any CPU
		{43D654B6-4762-3C3E-E1CF-CC841776DC0C}.Debug|Any CPU.Build.0 = Debug|Any CPU
		{43D654B6-4762-3C3E-E1CF-CC841776DC0C}.Release|Any CPU.ActiveCfg = Release|Any CPU
		{43D654B6-4762-3C3E-E1CF-CC841776DC0C}.Release|Any CPU.Build.0 = Release|Any CPU
	EndGlobalSection
	GlobalSection(SolutionProperties) = preSolution
		HideSolutionNode = FALSE
	EndGlobalSection
EndGlobal
